# Generated by jspm
[[package]]
url = "."

[package.deps]
itty-router = "https://ga.jspm.io/npm:itty-router@1.5.0"
prettier = "https://ga.jspm.io/npm:prettier@1.19.1"
react = "https://ga.jspm.io/npm:react@17.0.1"
react-dom = "https://ga.jspm.io/npm:react-dom@17.0.1"

[[package]]
url = "https://ga.jspm.io/npm:loose-envify@1.4.0"

[package.deps]
js-tokens = "https://ga.jspm.io/npm:js-tokens@4.0.0"

[[package]]
url = "https://ga.jspm.io/npm:react-dom@17.0.1"

[package.deps]
loose-envify = "https://ga.jspm.io/npm:loose-envify@1.4.0"
object-assign = "https://ga.jspm.io/npm:object-assign@4.1.1"
react = "https://ga.jspm.io/npm:react@17.0.1"
scheduler = "https://ga.jspm.io/npm:scheduler@0.20.1"

[[package]]
url = "https://ga.jspm.io/npm:react@17.0.1"

[package.deps]
loose-envify = "https://ga.jspm.io/npm:loose-envify@1.4.0"
object-assign = "https://ga.jspm.io/npm:object-assign@4.1.1"

[[package]]
url = "https://ga.jspm.io/npm:scheduler@0.20.1"

[package.deps]
loose-envify = "https://ga.jspm.io/npm:loose-envify@1.4.0"
object-assign = "https://ga.jspm.io/npm:object-assign@4.1.1"
